  
<?xml version="1.0" encoding="utf-8"?>
<Project ToolsVersion="4.0" xmlns="http://schemas.microsoft.com/developer/msbuild/2003">
  <ItemGroup>
    <Filter Include="Headers">
      <UniqueIdentifier>{f8078828-885c-4a35-aee5-ec826a1eea16}</UniqueIdentifier>
    </Filter>
    <Filter Include="Sources">
      <UniqueIdentifier>{4ddbbe50-0312-4357-8b53-eb9522ab9d61}</UniqueIdentifier>
    </Filter>
    <Filter Include="Sources\Geom">
      <UniqueIdentifier>{8dd9446f-4c96-48f2-8f8c-a9cea385435e}</UniqueIdentifier>
    </Filter>
  </ItemGroup>
  <ItemGroup>
    <ClInclude Include="Engine.h">
      <Filter>Headers</Filter>
    </ClInclude>
    <ClInclude Include="Force.h">
      <Filter>Headers</Filter>
    </ClInclude>
    <ClInclude Include="Object.h">
      <Filter>Headers</Filter>
    </ClInclude>
    <ClInclude Include="RigidBody.h">
      <Filter>Headers</Filter>
    </ClInclude>
    <ClInclude Include="Ship.h">
      <Filter>Headers</Filter>
    </ClInclude>
    <ClInclude Include="Surface.h">
      <Filter>Headers</Filter>
    </ClInclude>
    <ClInclude Include="Geom\Circle.h">
      <Filter>Sources\Geom</Filter>
    </ClInclude>
    <ClInclude Include="Geom\Ellipse.h">
      <Filter>Sources\Geom</Filter>
    </ClInclude>
    <ClInclude Include="Geom\Geometric.h">
      <Filter>Sources\Geom</Filter>
    </ClInclude>
    <ClInclude Include="Geom\Line.h">
      <Filter>Sources\Geom</Filter>
    </ClInclude>
    <ClInclude Include="Geom\Point.h">
      <Filter>Sources\Geom</Filter>
    </ClInclude>
    <ClInclude Include="Geom\Polygon.h">
      <Filter>Sources\Geom</Filter>
    </ClInclude>
    <ClInclude Include="Geom\Rectangle.h">
      <Filter>Sources\Geom</Filter>
    </ClInclude>
    <ClInclude Include="Geom\Shape.h">
      <Filter>Sources\Geom</Filter>
    </ClInclude>
    <ClInclude Include="Geom\Square.h">
      <Filter>Sources\Geom</Filter>
    </ClInclude>
    <ClInclude Include="Geom\Triangle.h">
      <Filter>Sources\Geom</Filter>
    </ClInclude>
  </ItemGroup>
  <ItemGroup>
    <ClCompile Include="Collision.cpp">
      <Filter>Sources</Filter>
    </ClCompile>
    <ClCompile Include="Engine.cpp">
      <Filter>Sources</Filter>
    </ClCompile>
    <ClCompile Include="main.cpp">
      <Filter>Sources</Filter>
    </ClCompile>
    <ClCompile Include="Object.cpp">
      <Filter>Sources</Filter>
    </ClCompile>
    <ClCompile Include="RigidBody.cpp">
      <Filter>Sources</Filter>
    </ClCompile>
    <ClCompile Include="Ship.cpp">
      <Filter>Sources</Filter>
    </ClCompile>
    <ClCompile Include="Surface.cpp">
      <Filter>Sources</Filter>
    </ClCompile>
  </ItemGroup>
</Project>